
Microsoft Visual Studio Solution File, Format Version 12.00
# Visual Studio Version 17
VisualStudioVersion = 17.1.32407.343
MinimumVisualStudioVersion = 10.0.40219.1
Project("{9A19103F-16F7-4668-BE54-9A1E7A4F7556}") = "MrRaysAuctioneer", "MrRaysAuctioneer\MrRaysAuctioneer.csproj", "{35FD3C35-A5F1-49FF-BC18-092AF1F9976B}"
EndProject
Global
	GlobalSection(SolutionConfigurationPlatforms) = preSolution
		Debug|Any CPU = Debug|Any CPU
		Release|Any CPU = Release|Any CPU
	EndGlobalSection
	GlobalSection(ProjectConfigurationPlatforms) = postSolution
		{35FD3C35-A5F1-49FF-BC18-092AF1F9976B}.Debug|Any CPU.ActiveCfg = Debug|Any CPU
		{35FD3C35-A5F1-49FF-BC18-092AF1F9976B}.Debug|Any CPU.Build.0 = Debug|Any CPU
		{35FD3C35-A5F1-49FF-BC18-092AF1F9976B}.Release|Any CPU.ActiveCfg = Release|Any CPU
		{35FD3C35-A5F1-49FF-BC18-092AF1F9976B}.Release|Any CPU.Build.0 = Release|Any CPU
	EndGlobalSection
	GlobalSection(SolutionProperties) = preSolution
		HideSolutionNode = FALSE
	EndGlobalSection
	GlobalSection(ExtensibilityGlobals) = postSolution
		SolutionGuid = {1AC3AAD7-0730-4CF0-AFDB-3489443C8948}
	EndGlobalSection
EndGlobal
